
Microsoft Visual Studio Solution File, Format Version 12.00
# Visual Studio Version 16
VisualStudioVersion = 16.0.29609.76
MinimumVisualStudioVersion = 10.0.40219.1
Project("{FAE04EC0-301F-11D3-BF4B-00C04F79EFBC}") = "ConsoleApp2", "ConsoleApp2.csproj", "{DFBAB923-1B97-43F4-A1B3-4F74D97C7652}"
EndProject
Global
	GlobalSection(SolutionConfigurationPlatforms) = preSolution
		Debug|Any CPU = Debug|Any CPU
		Release|Any CPU = Release|Any CPU
	EndGlobalSection
	GlobalSection(ProjectConfigurationPlatforms) = postSolution
		{DFBAB923-1B97-43F4-A1B3-4F74D97C7652}.Debug|Any CPU.ActiveCfg = Debug|Any CPU
		{DFBAB923-1B97-43F4-A1B3-4F74D97C7652}.Debug|Any CPU.Build.0 = Debug|Any CPU
		{DFBAB923-1B97-43F4-A1B3-4F74D97C7652}.Release|Any CPU.ActiveCfg = Release|Any CPU
		{DFBAB923-1B97-43F4-A1B3-4F74D97C7652}.Release|Any CPU.Build.0 = Release|Any CPU
	EndGlobalSection
	GlobalSection(SolutionProperties) = preSolution
		HideSolutionNode = FALSE
	EndGlobalSection
	GlobalSection(ExtensibilityGlobals) = postSolution
		SolutionGuid = {ADCEA207-DA07-4BC4-9F01-59B8265C207F}
	EndGlobalSection
EndGlobal
